
Microsoft Visual Studio Solution File, Format Version 12.00
# Visual Studio Version 16
VisualStudioVersion = 16.0.30907.101
MinimumVisualStudioVersion = 10.0.40219.1
Project("{FAE04EC0-301F-11D3-BF4B-00C04F79EFBC}") = "BeerRestAPI", "BeerRestAPI.csproj", "{BA6DB009-E17B-4CE4-B4E9-5F8221986B86}"
EndProject
Global
	GlobalSection(SolutionConfigurationPlatforms) = preSolution
		Debug|Any CPU = Debug|Any CPU
		Release|Any CPU = Release|Any CPU
	EndGlobalSection
	GlobalSection(ProjectConfigurationPlatforms) = postSolution
		{BA6DB009-E17B-4CE4-B4E9-5F8221986B86}.Debug|Any CPU.ActiveCfg = Debug|Any CPU
		{BA6DB009-E17B-4CE4-B4E9-5F8221986B86}.Debug|Any CPU.Build.0 = Debug|Any CPU
		{BA6DB009-E17B-4CE4-B4E9-5F8221986B86}.Release|Any CPU.ActiveCfg = Release|Any CPU
		{BA6DB009-E17B-4CE4-B4E9-5F8221986B86}.Release|Any CPU.Build.0 = Release|Any CPU
	EndGlobalSection
	GlobalSection(SolutionProperties) = preSolution
		HideSolutionNode = FALSE
	EndGlobalSection
	GlobalSection(ExtensibilityGlobals) = postSolution
		SolutionGuid = {67F5C819-748F-48BC-AB6A-2678EEDEE333}
	EndGlobalSection
EndGlobal
